
Microsoft Visual Studio Solution File, Format Version 12.00
Project("{FAE04EC0-301F-11D3-BF4B-00C04F79EFBC}") = "SimpleServiceProvider", "SimpleServiceProvider.csproj", "{FEB550CA-A546-4ABE-85D4-309100D8E284}"
EndProject
Global
	GlobalSection(SolutionConfigurationPlatforms) = preSolution
		Debug|Any CPU = Debug|Any CPU
		Release|Any CPU = Release|Any CPU
	EndGlobalSection
	GlobalSection(ProjectConfigurationPlatforms) = postSolution
		{FEB550CA-A546-4ABE-85D4-309100D8E284}.Debug|Any CPU.ActiveCfg = Debug|Any CPU
		{FEB550CA-A546-4ABE-85D4-309100D8E284}.Debug|Any CPU.Build.0 = Debug|Any CPU
		{FEB550CA-A546-4ABE-85D4-309100D8E284}.Release|Any CPU.ActiveCfg = Release|Any CPU
		{FEB550CA-A546-4ABE-85D4-309100D8E284}.Release|Any CPU.Build.0 = Release|Any CPU
	EndGlobalSection
EndGlobal
